
Microsoft Visual Studio Solution File, Format Version 12.00
# Visual Studio Version 17
VisualStudioVersion = 17.5.33516.290
MinimumVisualStudioVersion = 10.0.40219.1
Project("{FAE04EC0-301F-11D3-BF4B-00C04F79EFBC}") = "WebApplicatieCDN", "..\WebApplicatieCDN\WebApplicatieCDN.csproj", "{F3C570CE-9DB4-417B-A2E3-E73901F16BB2}"
EndProject
Global
	GlobalSection(SolutionConfigurationPlatforms) = preSolution
		Debug|Any CPU = Debug|Any CPU
		Release|Any CPU = Release|Any CPU
	EndGlobalSection
	GlobalSection(ProjectConfigurationPlatforms) = postSolution
		{F3C570CE-9DB4-417B-A2E3-E73901F16BB2}.Debug|Any CPU.ActiveCfg = Debug|Any CPU
		{F3C570CE-9DB4-417B-A2E3-E73901F16BB2}.Debug|Any CPU.Build.0 = Debug|Any CPU
		{F3C570CE-9DB4-417B-A2E3-E73901F16BB2}.Release|Any CPU.ActiveCfg = Release|Any CPU
		{F3C570CE-9DB4-417B-A2E3-E73901F16BB2}.Release|Any CPU.Build.0 = Release|Any CPU
	EndGlobalSection
	GlobalSection(SolutionProperties) = preSolution
		HideSolutionNode = FALSE
	EndGlobalSection
	GlobalSection(ExtensibilityGlobals) = postSolution
		SolutionGuid = {67B50C73-3573-410B-A517-EE91D442C19E}
	EndGlobalSection
EndGlobal
